
Microsoft Visual Studio Solution File, Format Version 11.00
# Visual Studio 2010
Project("{FAE04EC0-301F-11D3-BF4B-00C04F79EFBC}") = "AdlezHolder", "AdlezHolder\AdlezHolder\AdlezHolder.csproj", "{DAFA0ED1-C16F-4B10-8745-ADF0148EF69D}"
EndProject
Project("{96E2B04D-8817-42C6-938A-82C39BA4D311}") = "AdlezHolderContent", "AdlezHolder\AdlezHolderContent\AdlezHolderContent.contentproj", "{45092076-C8CE-4799-BC70-41E211850776}"
EndProject
Global
	GlobalSection(SolutionConfigurationPlatforms) = preSolution
		Debug|x86 = Debug|x86
		Release|x86 = Release|x86
	EndGlobalSection
	GlobalSection(ProjectConfigurationPlatforms) = postSolution
		{DAFA0ED1-C16F-4B10-8745-ADF0148EF69D}.Debug|x86.ActiveCfg = Debug|x86
		{DAFA0ED1-C16F-4B10-8745-ADF0148EF69D}.Debug|x86.Build.0 = Debug|x86
		{DAFA0ED1-C16F-4B10-8745-ADF0148EF69D}.Release|x86.ActiveCfg = Release|x86
		{DAFA0ED1-C16F-4B10-8745-ADF0148EF69D}.Release|x86.Build.0 = Release|x86
		{45092076-C8CE-4799-BC70-41E211850776}.Debug|x86.ActiveCfg = Debug|x86
		{45092076-C8CE-4799-BC70-41E211850776}.Release|x86.ActiveCfg = Release|x86
	EndGlobalSection
	GlobalSection(SolutionProperties) = preSolution
		HideSolutionNode = FALSE
	EndGlobalSection
EndGlobal
